
Microsoft Visual Studio Solution File, Format Version 12.00
# Visual Studio Version 17
VisualStudioVersion = 17.9.34622.214
MinimumVisualStudioVersion = 10.0.40219.1
Project("{FAE04EC0-301F-11D3-BF4B-00C04F79EFBC}") = "Lista1.2", "Lista1.2\Lista1.2.csproj", "{AA6307A3-8BF8-40AF-80D7-E378465284EF}"
EndProject
Global
	GlobalSection(SolutionConfigurationPlatforms) = preSolution
		Debug|Any CPU = Debug|Any CPU
		Release|Any CPU = Release|Any CPU
	EndGlobalSection
	GlobalSection(ProjectConfigurationPlatforms) = postSolution
		{AA6307A3-8BF8-40AF-80D7-E378465284EF}.Debug|Any CPU.ActiveCfg = Debug|Any CPU
		{AA6307A3-8BF8-40AF-80D7-E378465284EF}.Debug|Any CPU.Build.0 = Debug|Any CPU
		{AA6307A3-8BF8-40AF-80D7-E378465284EF}.Release|Any CPU.ActiveCfg = Release|Any CPU
		{AA6307A3-8BF8-40AF-80D7-E378465284EF}.Release|Any CPU.Build.0 = Release|Any CPU
	EndGlobalSection
	GlobalSection(SolutionProperties) = preSolution
		HideSolutionNode = FALSE
	EndGlobalSection
	GlobalSection(ExtensibilityGlobals) = postSolution
		SolutionGuid = {5DD1ADAF-4760-467C-B188-33C658ED0146}
	EndGlobalSection
EndGlobal
